
Microsoft Visual Studio Solution File, Format Version 12.00
# Visual Studio Version 18
VisualStudioVersion = 18.3.11520.95 d18.3
MinimumVisualStudioVersion = 10.0.40219.1
Project("{FAE04EC0-301F-11D3-BF4B-00C04F79EFBC}") = "Elipgo.SmartClient", "Elipgo.SmartClient\Elipgo.SmartClient.csproj", "{7B043DB5-35BC-49A4-A4C4-8069FB6D84EA}"
EndProject
Project("{FAE04EC0-301F-11D3-BF4B-00C04F79EFBC}") = "Elipgo.SmartClient.ViewModels", "Elipgo.SmartClient.ViewModels\Elipgo.SmartClient.ViewModels.csproj", "{EB9B2271-82F8-4DDC-9EE9-34394F9A9875}"
EndProject
Project("{FAE04EC0-301F-11D3-BF4B-00C04F79EFBC}") = "Elipgo.SmartClient.Common", "Elipgo.SmartClient.Common\Elipgo.SmartClient.Common.csproj", "{E77FF0B5-B74A-4D95-985B-844C4BAC38B8}"
EndProject
Project("{FAE04EC0-301F-11D3-BF4B-00C04F79EFBC}") = "Elipgo.SmartClient.UserControls", "Elipgo.SmartClient.UserControls\Elipgo.SmartClient.UserControls.csproj", "{51ED313C-5AA0-4437-A4BC-48076FC3E352}"
EndProject
Project("{FAE04EC0-301F-11D3-BF4B-00C04F79EFBC}") = "Elipgo.SmartClient.Services", "Elipgo.SmartClient.Services\Elipgo.SmartClient.Services.csproj", "{732180F0-7F91-44AC-B2F0-7F19A43E37FE}"
EndProject
Project("{FAE04EC0-301F-11D3-BF4B-00C04F79EFBC}") = "Elipgo.SmartClient.Drivers", "Elipgo.SmartClient.Drivers\Elipgo.SmartClient.Drivers.csproj", "{4023AF78-762D-4106-B989-C54591974D23}"
EndProject
Project("{FAE04EC0-301F-11D3-BF4B-00C04F79EFBC}") = "Elipgo.SmartClient.SignalR.Connection", "Elipgo.SmartClient.SignalR.Connection\Elipgo.SmartClient.SignalR.Connection.csproj", "{B5092FFC-1ED9-4638-8682-1707F556BEAA}"
EndProject
Project("{FAE04EC0-301F-11D3-BF4B-00C04F79EFBC}") = "Elipgo.SmartClient.EasyTabs", "Elipgo.SmartClient.EasyTabs\Elipgo.SmartClient.EasyTabs.csproj", "{690BA0F7-D8FE-4EBE-BA39-8058086C7A09}"
EndProject
Project("{FAE04EC0-301F-11D3-BF4B-00C04F79EFBC}") = "ElipgoVideo", "ElipgoVideo\ElipgoVideo.csproj", "{73D4D0D6-8CCA-4ACD-9472-0D0AC56E5805}"
EndProject
Project("{54435603-DBB4-11D2-8724-00A0C9A8B90C}") = "Elipgo.SmartClient.Setup", "Elipgo.SmartClient.Setup\Elipgo.SmartClient.Setup.vdproj", "{3FA06F01-8F1A-F97F-A33F-ACAE66961BCC}"
EndProject
Project("{FAE04EC0-301F-11D3-BF4B-00C04F79EFBC}") = "Elipgo.SmartClient.Worker.Shared", "Elipgo.SmartClient.Worker.Shared\Elipgo.SmartClient.Worker.Shared.csproj", "{A4B5C6D7-E8F9-4A0B-1C2D-3E4F5A6B7C8D}"
EndProject
Global
	GlobalSection(SolutionConfigurationPlatforms) = preSolution
		Debug|Any CPU = Debug|Any CPU
		Debug|x64 = Debug|x64
		Debug|x86 = Debug|x86
		Development|Any CPU = Development|Any CPU
		Development|x64 = Development|x64
		Development|x86 = Development|x86
		Preprod|Any CPU = Preprod|Any CPU
		Preprod|x64 = Preprod|x64
		Preprod|x86 = Preprod|x86
		QA|Any CPU = QA|Any CPU
		QA|x64 = QA|x64
		QA|x86 = QA|x86
		Release|Any CPU = Release|Any CPU
		Release|x64 = Release|x64
		Release|x86 = Release|x86
	EndGlobalSection
	GlobalSection(ProjectConfigurationPlatforms) = postSolution
		{7B043DB5-35BC-49A4-A4C4-8069FB6D84EA}.Debug|Any CPU.ActiveCfg = Debug|Any CPU
		{7B043DB5-35BC-49A4-A4C4-8069FB6D84EA}.Debug|Any CPU.Build.0 = Debug|Any CPU
		{7B043DB5-35BC-49A4-A4C4-8069FB6D84EA}.Debug|x64.ActiveCfg = Debug|x64
		{7B043DB5-35BC-49A4-A4C4-8069FB6D84EA}.Debug|x64.Build.0 = Debug|x64
		{7B043DB5-35BC-49A4-A4C4-8069FB6D84EA}.Debug|x86.ActiveCfg = Debug|x86
		{7B043DB5-35BC-49A4-A4C4-8069FB6D84EA}.Debug|x86.Build.0 = Debug|x86
		{7B043DB5-35BC-49A4-A4C4-8069FB6D84EA}.Development|Any CPU.ActiveCfg = Development|Any CPU
		{7B043DB5-35BC-49A4-A4C4-8069FB6D84EA}.Development|Any CPU.Build.0 = Development|Any CPU
		{7B043DB5-35BC-49A4-A4C4-8069FB6D84EA}.Development|x64.ActiveCfg = Development|x64
		{7B043DB5-35BC-49A4-A4C4-8069FB6D84EA}.Development|x64.Build.0 = Development|x64
		{7B043DB5-35BC-49A4-A4C4-8069FB6D84EA}.Development|x86.ActiveCfg = Development|x86
		{7B043DB5-35BC-49A4-A4C4-8069FB6D84EA}.Development|x86.Build.0 = Development|x86
		{7B043DB5-35BC-49A4-A4C4-8069FB6D84EA}.Preprod|Any CPU.ActiveCfg = Preprod|Any CPU
		{7B043DB5-35BC-49A4-A4C4-8069FB6D84EA}.Preprod|Any CPU.Build.0 = Preprod|Any CPU
		{7B043DB5-35BC-49A4-A4C4-8069FB6D84EA}.Preprod|x64.ActiveCfg = Preprod|x64
		{7B043DB5-35BC-49A4-A4C4-8069FB6D84EA}.Preprod|x64.Build.0 = Preprod|x64
		{7B043DB5-35BC-49A4-A4C4-8069FB6D84EA}.Preprod|x86.ActiveCfg = Preprod|x86
		{7B043DB5-35BC-49A4-A4C4-8069FB6D84EA}.Preprod|x86.Build.0 = Preprod|x86
		{7B043DB5-35BC-49A4-A4C4-8069FB6D84EA}.QA|Any CPU.ActiveCfg = QA|Any CPU
		{7B043DB5-35BC-49A4-A4C4-8069FB6D84EA}.QA|Any CPU.Build.0 = QA|Any CPU
		{7B043DB5-35BC-49A4-A4C4-8069FB6D84EA}.QA|x64.ActiveCfg = QA|x64
		{7B043DB5-35BC-49A4-A4C4-8069FB6D84EA}.QA|x64.Build.0 = QA|x64
		{7B043DB5-35BC-49A4-A4C4-8069FB6D84EA}.QA|x86.ActiveCfg = QA|x86
		{7B043DB5-35BC-49A4-A4C4-8069FB6D84EA}.QA|x86.Build.0 = QA|x86
		{7B043DB5-35BC-49A4-A4C4-8069FB6D84EA}.Release|Any CPU.ActiveCfg = Release|Any CPU
		{7B043DB5-35BC-49A4-A4C4-8069FB6D84EA}.Release|Any CPU.Build.0 = Release|Any CPU
		{7B043DB5-35BC-49A4-A4C4-8069FB6D84EA}.Release|x64.ActiveCfg = Release|x64
		{7B043DB5-35BC-49A4-A4C4-8069FB6D84EA}.Release|x64.Build.0 = Release|x64
		{7B043DB5-35BC-49A4-A4C4-8069FB6D84EA}.Release|x86.ActiveCfg = Release|x86
		{7B043DB5-35BC-49A4-A4C4-8069FB6D84EA}.Release|x86.Build.0 = Release|x86
		{EB9B2271-82F8-4DDC-9EE9-34394F9A9875}.Debug|Any CPU.ActiveCfg = Debug|Any CPU
		{EB9B2271-82F8-4DDC-9EE9-34394F9A9875}.Debug|Any CPU.Build.0 = Debug|Any CPU
		{EB9B2271-82F8-4DDC-9EE9-34394F9A9875}.Debug|x64.ActiveCfg = Debug|x64
		{EB9B2271-82F8-4DDC-9EE9-34394F9A9875}.Debug|x64.Build.0 = Debug|x64
		{EB9B2271-82F8-4DDC-9EE9-34394F9A9875}.Debug|x86.ActiveCfg = Debug|x86
		{EB9B2271-82F8-4DDC-9EE9-34394F9A9875}.Debug|x86.Build.0 = Debug|x86
		{EB9B2271-82F8-4DDC-9EE9-34394F9A9875}.Development|Any CPU.ActiveCfg = Development|Any CPU
		{EB9B2271-82F8-4DDC-9EE9-34394F9A9875}.Development|Any CPU.Build.0 = Development|Any CPU
		{EB9B2271-82F8-4DDC-9EE9-34394F9A9875}.Development|x64.ActiveCfg = Development|x64
		{EB9B2271-82F8-4DDC-9EE9-34394F9A9875}.Development|x64.Build.0 = Development|x64
		{EB9B2271-82F8-4DDC-9EE9-34394F9A9875}.Development|x86.ActiveCfg = Development|x86
		{EB9B2271-82F8-4DDC-9EE9-34394F9A9875}.Development|x86.Build.0 = Development|x86
		{EB9B2271-82F8-4DDC-9EE9-34394F9A9875}.Preprod|Any CPU.ActiveCfg = Preprod|Any CPU
		{EB9B2271-82F8-4DDC-9EE9-34394F9A9875}.Preprod|Any CPU.Build.0 = Preprod|Any CPU
		{EB9B2271-82F8-4DDC-9EE9-34394F9A9875}.Preprod|x64.ActiveCfg = Preprod|x64
		{EB9B2271-82F8-4DDC-9EE9-34394F9A9875}.Preprod|x64.Build.0 = Preprod|x64
		{EB9B2271-82F8-4DDC-9EE9-34394F9A9875}.Preprod|x86.ActiveCfg = Preprod|x86
		{EB9B2271-82F8-4DDC-9EE9-34394F9A9875}.Preprod|x86.Build.0 = Preprod|x86
		{EB9B2271-82F8-4DDC-9EE9-34394F9A9875}.QA|Any CPU.ActiveCfg = QA|Any CPU
		{EB9B2271-82F8-4DDC-9EE9-34394F9A9875}.QA|Any CPU.Build.0 = QA|Any CPU
		{EB9B2271-82F8-4DDC-9EE9-34394F9A9875}.QA|x64.ActiveCfg = QA|x64
		{EB9B2271-82F8-4DDC-9EE9-34394F9A9875}.QA|x64.Build.0 = QA|x64
		{EB9B2271-82F8-4DDC-9EE9-34394F9A9875}.QA|x86.ActiveCfg = QA|x86
		{EB9B2271-82F8-4DDC-9EE9-34394F9A9875}.QA|x86.Build.0 = QA|x86
		{EB9B2271-82F8-4DDC-9EE9-34394F9A9875}.Release|Any CPU.ActiveCfg = Release|Any CPU
		{EB9B2271-82F8-4DDC-9EE9-34394F9A9875}.Release|Any CPU.Build.0 = Release|Any CPU
		{EB9B2271-82F8-4DDC-9EE9-34394F9A9875}.Release|x64.ActiveCfg = Release|x64
		{EB9B2271-82F8-4DDC-9EE9-34394F9A9875}.Release|x64.Build.0 = Release|x64
		{EB9B2271-82F8-4DDC-9EE9-34394F9A9875}.Release|x86.ActiveCfg = Release|x86
		{EB9B2271-82F8-4DDC-9EE9-34394F9A9875}.Release|x86.Build.0 = Release|x86
		{E77FF0B5-B74A-4D95-985B-844C4BAC38B8}.Debug|Any CPU.ActiveCfg = Debug|Any CPU
		{E77FF0B5-B74A-4D95-985B-844C4BAC38B8}.Debug|Any CPU.Build.0 = Debug|Any CPU
		{E77FF0B5-B74A-4D95-985B-844C4BAC38B8}.Debug|x64.ActiveCfg = Debug|x64
		{E77FF0B5-B74A-4D95-985B-844C4BAC38B8}.Debug|x64.Build.0 = Debug|x64
		{E77FF0B5-B74A-4D95-985B-844C4BAC38B8}.Debug|x86.ActiveCfg = Debug|x86
		{E77FF0B5-B74A-4D95-985B-844C4BAC38B8}.Debug|x86.Build.0 = Debug|x86
		{E77FF0B5-B74A-4D95-985B-844C4BAC38B8}.Development|Any CPU.ActiveCfg = Development|Any CPU
		{E77FF0B5-B74A-4D95-985B-844C4BAC38B8}.Development|Any CPU.Build.0 = Development|Any CPU
		{E77FF0B5-B74A-4D95-985B-844C4BAC38B8}.Development|x64.ActiveCfg = Development|x64
		{E77FF0B5-B74A-4D95-985B-844C4BAC38B8}.Development|x64.Build.0 = Development|x64
		{E77FF0B5-B74A-4D95-985B-844C4BAC38B8}.Development|x86.ActiveCfg = Development|x86
		{E77FF0B5-B74A-4D95-985B-844C4BAC38B8}.Development|x86.Build.0 = Development|x86
		{E77FF0B5-B74A-4D95-985B-844C4BAC38B8}.Preprod|Any CPU.ActiveCfg = Preprod|Any CPU
		{E77FF0B5-B74A-4D95-985B-844C4BAC38B8}.Preprod|Any CPU.Build.0 = Preprod|Any CPU
		{E77FF0B5-B74A-4D95-985B-844C4BAC38B8}.Preprod|x64.ActiveCfg = Preprod|x64
		{E77FF0B5-B74A-4D95-985B-844C4BAC38B8}.Preprod|x64.Build.0 = Preprod|x64
		{E77FF0B5-B74A-4D95-985B-844C4BAC38B8}.Preprod|x86.ActiveCfg = Preprod|x86
		{E77FF0B5-B74A-4D95-985B-844C4BAC38B8}.Preprod|x86.Build.0 = Preprod|x86
		{E77FF0B5-B74A-4D95-985B-844C4BAC38B8}.QA|Any CPU.ActiveCfg = QA|Any CPU
		{E77FF0B5-B74A-4D95-985B-844C4BAC38B8}.QA|Any CPU.Build.0 = QA|Any CPU
		{E77FF0B5-B74A-4D95-985B-844C4BAC38B8}.QA|x64.ActiveCfg = QA|x64
		{E77FF0B5-B74A-4D95-985B-844C4BAC38B8}.QA|x64.Build.0 = QA|x64
		{E77FF0B5-B74A-4D95-985B-844C4BAC38B8}.QA|x86.ActiveCfg = QA|x86
		{E77FF0B5-B74A-4D95-985B-844C4BAC38B8}.QA|x86.Build.0 = QA|x86
		{E77FF0B5-B74A-4D95-985B-844C4BAC38B8}.Release|Any CPU.ActiveCfg = Release|Any CPU
		{E77FF0B5-B74A-4D95-985B-844C4BAC38B8}.Release|Any CPU.Build.0 = Release|Any CPU
		{E77FF0B5-B74A-4D95-985B-844C4BAC38B8}.Release|x64.ActiveCfg = Release|x64
		{E77FF0B5-B74A-4D95-985B-844C4BAC38B8}.Release|x64.Build.0 = Release|x64
		{E77FF0B5-B74A-4D95-985B-844C4BAC38B8}.Release|x86.ActiveCfg = Release|x86
		{E77FF0B5-B74A-4D95-985B-844C4BAC38B8}.Release|x86.Build.0 = Release|x86
		{51ED313C-5AA0-4437-A4BC-48076FC3E352}.Debug|Any CPU.ActiveCfg = Debug|Any CPU
		{51ED313C-5AA0-4437-A4BC-48076FC3E352}.Debug|Any CPU.Build.0 = Debug|Any CPU
		{51ED313C-5AA0-4437-A4BC-48076FC3E352}.Debug|x64.ActiveCfg = Debug|x64
		{51ED313C-5AA0-4437-A4BC-48076FC3E352}.Debug|x64.Build.0 = Debug|x64
		{51ED313C-5AA0-4437-A4BC-48076FC3E352}.Debug|x86.ActiveCfg = Debug|x86
		{51ED313C-5AA0-4437-A4BC-48076FC3E352}.Debug|x86.Build.0 = Debug|x86
		{51ED313C-5AA0-4437-A4BC-48076FC3E352}.Development|Any CPU.ActiveCfg = Development|Any CPU
		{51ED313C-5AA0-4437-A4BC-48076FC3E352}.Development|Any CPU.Build.0 = Development|Any CPU
		{51ED313C-5AA0-4437-A4BC-48076FC3E352}.Development|x64.ActiveCfg = Development|x64
		{51ED313C-5AA0-4437-A4BC-48076FC3E352}.Development|x64.Build.0 = Development|x64
		{51ED313C-5AA0-4437-A4BC-48076FC3E352}.Development|x86.ActiveCfg = Development|x86
		{51ED313C-5AA0-4437-A4BC-48076FC3E352}.Development|x86.Build.0 = Development|x86
		{51ED313C-5AA0-4437-A4BC-48076FC3E352}.Preprod|Any CPU.ActiveCfg = Preprod|Any CPU
		{51ED313C-5AA0-4437-A4BC-48076FC3E352}.Preprod|Any CPU.Build.0 = Preprod|Any CPU
		{51ED313C-5AA0-4437-A4BC-48076FC3E352}.Preprod|x64.ActiveCfg = Preprod|x64
		{51ED313C-5AA0-4437-A4BC-48076FC3E352}.Preprod|x64.Build.0 = Preprod|x64
		{51ED313C-5AA0-4437-A4BC-48076FC3E352}.Preprod|x86.ActiveCfg = Preprod|x86
		{51ED313C-5AA0-4437-A4BC-48076FC3E352}.Preprod|x86.Build.0 = Preprod|x86
		{51ED313C-5AA0-4437-A4BC-48076FC3E352}.QA|Any CPU.ActiveCfg = QA|Any CPU
		{51ED313C-5AA0-4437-A4BC-48076FC3E352}.QA|Any CPU.Build.0 = QA|Any CPU
		{51ED313C-5AA0-4437-A4BC-48076FC3E352}.QA|x64.ActiveCfg = QA|x64
		{51ED313C-5AA0-4437-A4BC-48076FC3E352}.QA|x64.Build.0 = QA|x64
		{51ED313C-5AA0-4437-A4BC-48076FC3E352}.QA|x86.ActiveCfg = QA|x86
		{51ED313C-5AA0-4437-A4BC-48076FC3E352}.QA|x86.Build.0 = QA|x86
		{51ED313C-5AA0-4437-A4BC-48076FC3E352}.Release|Any CPU.ActiveCfg = Release|Any CPU
		{51ED313C-5AA0-4437-A4BC-48076FC3E352}.Release|Any CPU.Build.0 = Release|Any CPU
		{51ED313C-5AA0-4437-A4BC-48076FC3E352}.Release|x64.ActiveCfg = Release|x64
		{51ED313C-5AA0-4437-A4BC-48076FC3E352}.Release|x64.Build.0 = Release|x64
		{51ED313C-5AA0-4437-A4BC-48076FC3E352}.Release|x86.ActiveCfg = Release|x86
		{51ED313C-5AA0-4437-A4BC-48076FC3E352}.Release|x86.Build.0 = Release|x86
		{732180F0-7F91-44AC-B2F0-7F19A43E37FE}.Debug|Any CPU.ActiveCfg = Debug|Any CPU
		{732180F0-7F91-44AC-B2F0-7F19A43E37FE}.Debug|Any CPU.Build.0 = Debug|Any CPU
		{732180F0-7F91-44AC-B2F0-7F19A43E37FE}.Debug|x64.ActiveCfg = Debug|x64
		{732180F0-7F91-44AC-B2F0-7F19A43E37FE}.Debug|x64.Build.0 = Debug|x64
		{732180F0-7F91-44AC-B2F0-7F19A43E37FE}.Debug|x86.ActiveCfg = Debug|x86
		{732180F0-7F91-44AC-B2F0-7F19A43E37FE}.Debug|x86.Build.0 = Debug|x86
		{732180F0-7F91-44AC-B2F0-7F19A43E37FE}.Development|Any CPU.ActiveCfg = Development|Any CPU
		{732180F0-7F91-44AC-B2F0-7F19A43E37FE}.Development|Any CPU.Build.0 = Development|Any CPU
		{732180F0-7F91-44AC-B2F0-7F19A43E37FE}.Development|x64.ActiveCfg = Development|x64
		{732180F0-7F91-44AC-B2F0-7F19A43E37FE}.Development|x64.Build.0 = Development|x64
		{732180F0-7F91-44AC-B2F0-7F19A43E37FE}.Development|x86.ActiveCfg = Development|x86
		{732180F0-7F91-44AC-B2F0-7F19A43E37FE}.Development|x86.Build.0 = Development|x86
		{732180F0-7F91-44AC-B2F0-7F19A43E37FE}.Preprod|Any CPU.ActiveCfg = Preprod|Any CPU
		{732180F0-7F91-44AC-B2F0-7F19A43E37FE}.Preprod|Any CPU.Build.0 = Preprod|Any CPU
		{732180F0-7F91-44AC-B2F0-7F19A43E37FE}.Preprod|x64.ActiveCfg = Preprod|x64
		{732180F0-7F91-44AC-B2F0-7F19A43E37FE}.Preprod|x64.Build.0 = Preprod|x64
		{732180F0-7F91-44AC-B2F0-7F19A43E37FE}.Preprod|x86.ActiveCfg = Preprod|x86
		{732180F0-7F91-44AC-B2F0-7F19A43E37FE}.Preprod|x86.Build.0 = Preprod|x86
		{732180F0-7F91-44AC-B2F0-7F19A43E37FE}.QA|Any CPU.ActiveCfg = QA|Any CPU
		{732180F0-7F91-44AC-B2F0-7F19A43E37FE}.QA|Any CPU.Build.0 = QA|Any CPU
		{732180F0-7F91-44AC-B2F0-7F19A43E37FE}.QA|x64.ActiveCfg = QA|x64
		{732180F0-7F91-44AC-B2F0-7F19A43E37FE}.QA|x64.Build.0 = QA|x64
		{732180F0-7F91-44AC-B2F0-7F19A43E37FE}.QA|x86.ActiveCfg = QA|x86
		{732180F0-7F91-44AC-B2F0-7F19A43E37FE}.QA|x86.Build.0 = QA|x86
		{732180F0-7F91-44AC-B2F0-7F19A43E37FE}.Release|Any CPU.ActiveCfg = Release|Any CPU
		{732180F0-7F91-44AC-B2F0-7F19A43E37FE}.Release|Any CPU.Build.0 = Release|Any CPU
		{732180F0-7F91-44AC-B2F0-7F19A43E37FE}.Release|x64.ActiveCfg = Release|x64
		{732180F0-7F91-44AC-B2F0-7F19A43E37FE}.Release|x64.Build.0 = Release|x64
		{732180F0-7F91-44AC-B2F0-7F19A43E37FE}.Release|x86.ActiveCfg = Release|Any CPU
		{732180F0-7F91-44AC-B2F0-7F19A43E37FE}.Release|x86.Build.0 = Release|Any CPU
		{4023AF78-762D-4106-B989-C54591974D23}.Debug|Any CPU.ActiveCfg = Debug|Any CPU
		{4023AF78-762D-4106-B989-C54591974D23}.Debug|Any CPU.Build.0 = Debug|Any CPU
		{4023AF78-762D-4106-B989-C54591974D23}.Debug|x64.ActiveCfg = Debug|x64
		{4023AF78-762D-4106-B989-C54591974D23}.Debug|x64.Build.0 = Debug|x64
		{4023AF78-762D-4106-B989-C54591974D23}.Debug|x86.ActiveCfg = Debug|x86
		{4023AF78-762D-4106-B989-C54591974D23}.Debug|x86.Build.0 = Debug|x86
		{4023AF78-762D-4106-B989-C54591974D23}.Development|Any CPU.ActiveCfg = Development|Any CPU
		{4023AF78-762D-4106-B989-C54591974D23}.Development|Any CPU.Build.0 = Development|Any CPU
		{4023AF78-762D-4106-B989-C54591974D23}.Development|x64.ActiveCfg = Development|x64
		{4023AF78-762D-4106-B989-C54591974D23}.Development|x64.Build.0 = Development|x64
		{4023AF78-762D-4106-B989-C54591974D23}.Development|x86.ActiveCfg = Development|x86
		{4023AF78-762D-4106-B989-C54591974D23}.Development|x86.Build.0 = Development|x86
		{4023AF78-762D-4106-B989-C54591974D23}.Preprod|Any CPU.ActiveCfg = Preprod|Any CPU
		{4023AF78-762D-4106-B989-C54591974D23}.Preprod|Any CPU.Build.0 = Preprod|Any CPU
		{4023AF78-762D-4106-B989-C54591974D23}.Preprod|x64.ActiveCfg = Preprod|x64
		{4023AF78-762D-4106-B989-C54591974D23}.Preprod|x64.Build.0 = Preprod|x64
		{4023AF78-762D-4106-B989-C54591974D23}.Preprod|x86.ActiveCfg = Preprod|x86
		{4023AF78-762D-4106-B989-C54591974D23}.Preprod|x86.Build.0 = Preprod|x86
		{4023AF78-762D-4106-B989-C54591974D23}.QA|Any CPU.ActiveCfg = QA|Any CPU
		{4023AF78-762D-4106-B989-C54591974D23}.QA|Any CPU.Build.0 = QA|Any CPU
		{4023AF78-762D-4106-B989-C54591974D23}.QA|x64.ActiveCfg = QA|x64
		{4023AF78-762D-4106-B989-C54591974D23}.QA|x64.Build.0 = QA|x64
		{4023AF78-762D-4106-B989-C54591974D23}.QA|x86.ActiveCfg = QA|Win32
		{4023AF78-762D-4106-B989-C54591974D23}.QA|x86.Build.0 = QA|Win32
		{4023AF78-762D-4106-B989-C54591974D23}.Release|Any CPU.ActiveCfg = Release|Any CPU
		{4023AF78-762D-4106-B989-C54591974D23}.Release|Any CPU.Build.0 = Release|Any CPU
		{4023AF78-762D-4106-B989-C54591974D23}.Release|x64.ActiveCfg = Release|x64
		{4023AF78-762D-4106-B989-C54591974D23}.Release|x64.Build.0 = Release|x64
		{4023AF78-762D-4106-B989-C54591974D23}.Release|x86.ActiveCfg = Release|Any CPU
		{4023AF78-762D-4106-B989-C54591974D23}.Release|x86.Build.0 = Release|Any CPU
		{B5092FFC-1ED9-4638-8682-1707F556BEAA}.Debug|Any CPU.ActiveCfg = Debug|Any CPU
		{B5092FFC-1ED9-4638-8682-1707F556BEAA}.Debug|Any CPU.Build.0 = Debug|Any CPU
		{B5092FFC-1ED9-4638-8682-1707F556BEAA}.Debug|x64.ActiveCfg = Debug|x64
		{B5092FFC-1ED9-4638-8682-1707F556BEAA}.Debug|x64.Build.0 = Debug|x64
		{B5092FFC-1ED9-4638-8682-1707F556BEAA}.Debug|x86.ActiveCfg = Debug|x86
		{B5092FFC-1ED9-4638-8682-1707F556BEAA}.Debug|x86.Build.0 = Debug|x86
		{B5092FFC-1ED9-4638-8682-1707F556BEAA}.Development|Any CPU.ActiveCfg = Development|Any CPU
		{B5092FFC-1ED9-4638-8682-1707F556BEAA}.Development|Any CPU.Build.0 = Development|Any CPU
		{B5092FFC-1ED9-4638-8682-1707F556BEAA}.Development|x64.ActiveCfg = Development|x64
		{B5092FFC-1ED9-4638-8682-1707F556BEAA}.Development|x64.Build.0 = Development|x64
		{B5092FFC-1ED9-4638-8682-1707F556BEAA}.Development|x86.ActiveCfg = Development|x86
		{B5092FFC-1ED9-4638-8682-1707F556BEAA}.Development|x86.Build.0 = Development|x86
		{B5092FFC-1ED9-4638-8682-1707F556BEAA}.Preprod|Any CPU.ActiveCfg = Preprod|Any CPU
		{B5092FFC-1ED9-4638-8682-1707F556BEAA}.Preprod|Any CPU.Build.0 = Preprod|Any CPU
		{B5092FFC-1ED9-4638-8682-1707F556BEAA}.Preprod|x64.ActiveCfg = Preprod|x64
		{B5092FFC-1ED9-4638-8682-1707F556BEAA}.Preprod|x64.Build.0 = Preprod|x64
		{B5092FFC-1ED9-4638-8682-1707F556BEAA}.Preprod|x86.ActiveCfg = Preprod|x86
		{B5092FFC-1ED9-4638-8682-1707F556BEAA}.Preprod|x86.Build.0 = Preprod|x86
		{B5092FFC-1ED9-4638-8682-1707F556BEAA}.QA|Any CPU.ActiveCfg = QA|Any CPU
		{B5092FFC-1ED9-4638-8682-1707F556BEAA}.QA|Any CPU.Build.0 = QA|Any CPU
		{B5092FFC-1ED9-4638-8682-1707F556BEAA}.QA|x64.ActiveCfg = QA|x64
		{B5092FFC-1ED9-4638-8682-1707F556BEAA}.QA|x64.Build.0 = QA|x64
		{B5092FFC-1ED9-4638-8682-1707F556BEAA}.QA|x86.ActiveCfg = QA|x86
		{B5092FFC-1ED9-4638-8682-1707F556BEAA}.QA|x86.Build.0 = QA|x86
		{B5092FFC-1ED9-4638-8682-1707F556BEAA}.Release|Any CPU.ActiveCfg = Release|Any CPU
		{B5092FFC-1ED9-4638-8682-1707F556BEAA}.Release|Any CPU.Build.0 = Release|Any CPU
		{B5092FFC-1ED9-4638-8682-1707F556BEAA}.Release|x64.ActiveCfg = Release|x64
		{B5092FFC-1ED9-4638-8682-1707F556BEAA}.Release|x64.Build.0 = Release|x64
		{B5092FFC-1ED9-4638-8682-1707F556BEAA}.Release|x86.ActiveCfg = Release|Any CPU
		{B5092FFC-1ED9-4638-8682-1707F556BEAA}.Release|x86.Build.0 = Release|Any CPU
		{690BA0F7-D8FE-4EBE-BA39-8058086C7A09}.Debug|Any CPU.ActiveCfg = Debug|Any CPU
		{690BA0F7-D8FE-4EBE-BA39-8058086C7A09}.Debug|Any CPU.Build.0 = Debug|Any CPU
		{690BA0F7-D8FE-4EBE-BA39-8058086C7A09}.Debug|x64.ActiveCfg = Debug|x64
		{690BA0F7-D8FE-4EBE-BA39-8058086C7A09}.Debug|x64.Build.0 = Debug|x64
		{690BA0F7-D8FE-4EBE-BA39-8058086C7A09}.Debug|x86.ActiveCfg = Debug|x86
		{690BA0F7-D8FE-4EBE-BA39-8058086C7A09}.Debug|x86.Build.0 = Debug|x86
		{690BA0F7-D8FE-4EBE-BA39-8058086C7A09}.Development|Any CPU.ActiveCfg = Development|Any CPU
		{690BA0F7-D8FE-4EBE-BA39-8058086C7A09}.Development|Any CPU.Build.0 = Development|Any CPU
		{690BA0F7-D8FE-4EBE-BA39-8058086C7A09}.Development|x64.ActiveCfg = Development|x64
		{690BA0F7-D8FE-4EBE-BA39-8058086C7A09}.Development|x64.Build.0 = Development|x64
		{690BA0F7-D8FE-4EBE-BA39-8058086C7A09}.Development|x86.ActiveCfg = Development|x86
		{690BA0F7-D8FE-4EBE-BA39-8058086C7A09}.Development|x86.Build.0 = Development|x86
		{690BA0F7-D8FE-4EBE-BA39-8058086C7A09}.Preprod|Any CPU.ActiveCfg = Preprod|Any CPU
		{690BA0F7-D8FE-4EBE-BA39-8058086C7A09}.Preprod|Any CPU.Build.0 = Preprod|Any CPU
		{690BA0F7-D8FE-4EBE-BA39-8058086C7A09}.Preprod|x64.ActiveCfg = Preprod|x64
		{690BA0F7-D8FE-4EBE-BA39-8058086C7A09}.Preprod|x64.Build.0 = Preprod|x64
		{690BA0F7-D8FE-4EBE-BA39-8058086C7A09}.Preprod|x86.ActiveCfg = Preprod|x86
		{690BA0F7-D8FE-4EBE-BA39-8058086C7A09}.Preprod|x86.Build.0 = Preprod|x86
		{690BA0F7-D8FE-4EBE-BA39-8058086C7A09}.QA|Any CPU.ActiveCfg = QA|Any CPU
		{690BA0F7-D8FE-4EBE-BA39-8058086C7A09}.QA|Any CPU.Build.0 = QA|Any CPU
		{690BA0F7-D8FE-4EBE-BA39-8058086C7A09}.QA|x64.ActiveCfg = QA|x64
		{690BA0F7-D8FE-4EBE-BA39-8058086C7A09}.QA|x64.Build.0 = QA|x64
		{690BA0F7-D8FE-4EBE-BA39-8058086C7A09}.QA|x86.ActiveCfg = QA|x86
		{690BA0F7-D8FE-4EBE-BA39-8058086C7A09}.QA|x86.Build.0 = QA|x86
		{690BA0F7-D8FE-4EBE-BA39-8058086C7A09}.Release|Any CPU.ActiveCfg = Release|Any CPU
		{690BA0F7-D8FE-4EBE-BA39-8058086C7A09}.Release|Any CPU.Build.0 = Release|Any CPU
		{690BA0F7-D8FE-4EBE-BA39-8058086C7A09}.Release|x64.ActiveCfg = Release|x64
		{690BA0F7-D8FE-4EBE-BA39-8058086C7A09}.Release|x64.Build.0 = Release|x64
		{690BA0F7-D8FE-4EBE-BA39-8058086C7A09}.Release|x86.ActiveCfg = Release|x86
		{690BA0F7-D8FE-4EBE-BA39-8058086C7A09}.Release|x86.Build.0 = Release|x86
		{73D4D0D6-8CCA-4ACD-9472-0D0AC56E5805}.Debug|Any CPU.ActiveCfg = Debug|Any CPU
		{73D4D0D6-8CCA-4ACD-9472-0D0AC56E5805}.Debug|Any CPU.Build.0 = Debug|Any CPU
		{73D4D0D6-8CCA-4ACD-9472-0D0AC56E5805}.Debug|x64.ActiveCfg = Debug|x64
		{73D4D0D6-8CCA-4ACD-9472-0D0AC56E5805}.Debug|x64.Build.0 = Debug|x64
		{73D4D0D6-8CCA-4ACD-9472-0D0AC56E5805}.Debug|x86.ActiveCfg = Debug|Any CPU
		{73D4D0D6-8CCA-4ACD-9472-0D0AC56E5805}.Debug|x86.Build.0 = Debug|Any CPU
		{73D4D0D6-8CCA-4ACD-9472-0D0AC56E5805}.Development|Any CPU.ActiveCfg = Debug|Any CPU
		{73D4D0D6-8CCA-4ACD-9472-0D0AC56E5805}.Development|Any CPU.Build.0 = Debug|Any CPU
		{73D4D0D6-8CCA-4ACD-9472-0D0AC56E5805}.Development|x64.ActiveCfg = Debug|x64
		{73D4D0D6-8CCA-4ACD-9472-0D0AC56E5805}.Development|x64.Build.0 = Debug|x64
		{73D4D0D6-8CCA-4ACD-9472-0D0AC56E5805}.Development|x86.ActiveCfg = Debug|Any CPU
		{73D4D0D6-8CCA-4ACD-9472-0D0AC56E5805}.Development|x86.Build.0 = Debug|Any CPU
		{73D4D0D6-8CCA-4ACD-9472-0D0AC56E5805}.Preprod|Any CPU.ActiveCfg = Release|Any CPU
		{73D4D0D6-8CCA-4ACD-9472-0D0AC56E5805}.Preprod|Any CPU.Build.0 = Release|Any CPU
		{73D4D0D6-8CCA-4ACD-9472-0D0AC56E5805}.Preprod|x64.ActiveCfg = Preprod|x64
		{73D4D0D6-8CCA-4ACD-9472-0D0AC56E5805}.Preprod|x64.Build.0 = Preprod|x64
		{73D4D0D6-8CCA-4ACD-9472-0D0AC56E5805}.Preprod|x86.ActiveCfg = Release|Any CPU
		{73D4D0D6-8CCA-4ACD-9472-0D0AC56E5805}.Preprod|x86.Build.0 = Release|Any CPU
		{73D4D0D6-8CCA-4ACD-9472-0D0AC56E5805}.QA|Any CPU.ActiveCfg = QA|Any CPU
		{73D4D0D6-8CCA-4ACD-9472-0D0AC56E5805}.QA|Any CPU.Build.0 = QA|Any CPU
		{73D4D0D6-8CCA-4ACD-9472-0D0AC56E5805}.QA|x64.ActiveCfg = QA|x64
		{73D4D0D6-8CCA-4ACD-9472-0D0AC56E5805}.QA|x64.Build.0 = QA|x64
		{73D4D0D6-8CCA-4ACD-9472-0D0AC56E5805}.QA|x86.ActiveCfg = QA|Any CPU
		{73D4D0D6-8CCA-4ACD-9472-0D0AC56E5805}.QA|x86.Build.0 = QA|Any CPU
		{73D4D0D6-8CCA-4ACD-9472-0D0AC56E5805}.Release|Any CPU.ActiveCfg = Release|Any CPU
		{73D4D0D6-8CCA-4ACD-9472-0D0AC56E5805}.Release|Any CPU.Build.0 = Release|Any CPU
		{73D4D0D6-8CCA-4ACD-9472-0D0AC56E5805}.Release|x64.ActiveCfg = Release|x64
		{73D4D0D6-8CCA-4ACD-9472-0D0AC56E5805}.Release|x64.Build.0 = Release|x64
		{73D4D0D6-8CCA-4ACD-9472-0D0AC56E5805}.Release|x86.ActiveCfg = Release|Any CPU
		{73D4D0D6-8CCA-4ACD-9472-0D0AC56E5805}.Release|x86.Build.0 = Release|Any CPU
		{3FA06F01-8F1A-F97F-A33F-ACAE66961BCC}.Debug|Any CPU.ActiveCfg = Debug
		{3FA06F01-8F1A-F97F-A33F-ACAE66961BCC}.Debug|Any CPU.Build.0 = Debug
		{3FA06F01-8F1A-F97F-A33F-ACAE66961BCC}.Debug|x64.ActiveCfg = Debug
		{3FA06F01-8F1A-F97F-A33F-ACAE66961BCC}.Debug|x86.ActiveCfg = Debug
		{3FA06F01-8F1A-F97F-A33F-ACAE66961BCC}.Debug|x86.Build.0 = Debug
		{3FA06F01-8F1A-F97F-A33F-ACAE66961BCC}.Development|Any CPU.ActiveCfg = Release
		{3FA06F01-8F1A-F97F-A33F-ACAE66961BCC}.Development|Any CPU.Build.0 = Release
		{3FA06F01-8F1A-F97F-A33F-ACAE66961BCC}.Development|x64.ActiveCfg = Release
		{3FA06F01-8F1A-F97F-A33F-ACAE66961BCC}.Development|x64.Build.0 = Release
		{3FA06F01-8F1A-F97F-A33F-ACAE66961BCC}.Development|x86.ActiveCfg = Release
		{3FA06F01-8F1A-F97F-A33F-ACAE66961BCC}.Development|x86.Build.0 = Release
		{3FA06F01-8F1A-F97F-A33F-ACAE66961BCC}.Preprod|Any CPU.ActiveCfg = Release
		{3FA06F01-8F1A-F97F-A33F-ACAE66961BCC}.Preprod|Any CPU.Build.0 = Release
		{3FA06F01-8F1A-F97F-A33F-ACAE66961BCC}.Preprod|x64.ActiveCfg = Release
		{3FA06F01-8F1A-F97F-A33F-ACAE66961BCC}.Preprod|x64.Build.0 = Release
		{3FA06F01-8F1A-F97F-A33F-ACAE66961BCC}.Preprod|x86.ActiveCfg = Release
		{3FA06F01-8F1A-F97F-A33F-ACAE66961BCC}.Preprod|x86.Build.0 = Release
		{3FA06F01-8F1A-F97F-A33F-ACAE66961BCC}.QA|Any CPU.ActiveCfg = Debug
		{3FA06F01-8F1A-F97F-A33F-ACAE66961BCC}.QA|Any CPU.Build.0 = Debug
		{3FA06F01-8F1A-F97F-A33F-ACAE66961BCC}.QA|x64.ActiveCfg = Debug
		{3FA06F01-8F1A-F97F-A33F-ACAE66961BCC}.QA|x64.Build.0 = Debug
		{3FA06F01-8F1A-F97F-A33F-ACAE66961BCC}.QA|x86.ActiveCfg = Debug
		{3FA06F01-8F1A-F97F-A33F-ACAE66961BCC}.QA|x86.Build.0 = Debug
		{3FA06F01-8F1A-F97F-A33F-ACAE66961BCC}.Release|Any CPU.ActiveCfg = Release
		{3FA06F01-8F1A-F97F-A33F-ACAE66961BCC}.Release|Any CPU.Build.0 = Release
		{3FA06F01-8F1A-F97F-A33F-ACAE66961BCC}.Release|x64.ActiveCfg = Release
		{3FA06F01-8F1A-F97F-A33F-ACAE66961BCC}.Release|x86.ActiveCfg = Release
		{3FA06F01-8F1A-F97F-A33F-ACAE66961BCC}.Release|x86.Build.0 = Release
		{A4B5C6D7-E8F9-4A0B-1C2D-3E4F5A6B7C8D}.Debug|Any CPU.ActiveCfg = Debug|Any CPU
		{A4B5C6D7-E8F9-4A0B-1C2D-3E4F5A6B7C8D}.Debug|Any CPU.Build.0 = Debug|Any CPU
		{A4B5C6D7-E8F9-4A0B-1C2D-3E4F5A6B7C8D}.Debug|x64.ActiveCfg = Debug|x64
		{A4B5C6D7-E8F9-4A0B-1C2D-3E4F5A6B7C8D}.Debug|x64.Build.0 = Debug|x64
		{A4B5C6D7-E8F9-4A0B-1C2D-3E4F5A6B7C8D}.Debug|x86.ActiveCfg = Debug|x86
		{A4B5C6D7-E8F9-4A0B-1C2D-3E4F5A6B7C8D}.Debug|x86.Build.0 = Debug|x86
		{A4B5C6D7-E8F9-4A0B-1C2D-3E4F5A6B7C8D}.Development|Any CPU.ActiveCfg = Development|Any CPU
		{A4B5C6D7-E8F9-4A0B-1C2D-3E4F5A6B7C8D}.Development|Any CPU.Build.0 = Development|Any CPU
		{A4B5C6D7-E8F9-4A0B-1C2D-3E4F5A6B7C8D}.Development|x64.ActiveCfg = Development|x64
		{A4B5C6D7-E8F9-4A0B-1C2D-3E4F5A6B7C8D}.Development|x64.Build.0 = Development|x64
		{A4B5C6D7-E8F9-4A0B-1C2D-3E4F5A6B7C8D}.Development|x86.ActiveCfg = Development|x86
		{A4B5C6D7-E8F9-4A0B-1C2D-3E4F5A6B7C8D}.Development|x86.Build.0 = Development|x86
		{A4B5C6D7-E8F9-4A0B-1C2D-3E4F5A6B7C8D}.Preprod|Any CPU.ActiveCfg = Preprod|Any CPU
		{A4B5C6D7-E8F9-4A0B-1C2D-3E4F5A6B7C8D}.Preprod|Any CPU.Build.0 = Preprod|Any CPU
		{A4B5C6D7-E8F9-4A0B-1C2D-3E4F5A6B7C8D}.Preprod|x64.ActiveCfg = Preprod|x64
		{A4B5C6D7-E8F9-4A0B-1C2D-3E4F5A6B7C8D}.Preprod|x64.Build.0 = Preprod|x64
		{A4B5C6D7-E8F9-4A0B-1C2D-3E4F5A6B7C8D}.Preprod|x86.ActiveCfg = Preprod|x86
		{A4B5C6D7-E8F9-4A0B-1C2D-3E4F5A6B7C8D}.Preprod|x86.Build.0 = Preprod|x86
		{A4B5C6D7-E8F9-4A0B-1C2D-3E4F5A6B7C8D}.QA|Any CPU.ActiveCfg = QA|Any CPU
		{A4B5C6D7-E8F9-4A0B-1C2D-3E4F5A6B7C8D}.QA|Any CPU.Build.0 = QA|Any CPU
		{A4B5C6D7-E8F9-4A0B-1C2D-3E4F5A6B7C8D}.QA|x64.ActiveCfg = QA|x64
		{A4B5C6D7-E8F9-4A0B-1C2D-3E4F5A6B7C8D}.QA|x64.Build.0 = QA|x64
		{A4B5C6D7-E8F9-4A0B-1C2D-3E4F5A6B7C8D}.QA|x86.ActiveCfg = QA|x86
		{A4B5C6D7-E8F9-4A0B-1C2D-3E4F5A6B7C8D}.QA|x86.Build.0 = QA|x86
		{A4B5C6D7-E8F9-4A0B-1C2D-3E4F5A6B7C8D}.Release|Any CPU.ActiveCfg = Release|Any CPU
		{A4B5C6D7-E8F9-4A0B-1C2D-3E4F5A6B7C8D}.Release|Any CPU.Build.0 = Release|Any CPU
		{A4B5C6D7-E8F9-4A0B-1C2D-3E4F5A6B7C8D}.Release|x64.ActiveCfg = Release|x64
		{A4B5C6D7-E8F9-4A0B-1C2D-3E4F5A6B7C8D}.Release|x64.Build.0 = Release|x64
		{A4B5C6D7-E8F9-4A0B-1C2D-3E4F5A6B7C8D}.Release|x86.ActiveCfg = Release|x86
		{A4B5C6D7-E8F9-4A0B-1C2D-3E4F5A6B7C8D}.Release|x86.Build.0 = Release|x86
	EndGlobalSection
	GlobalSection(SolutionProperties) = preSolution
		HideSolutionNode = FALSE
	EndGlobalSection
	GlobalSection(ExtensibilityGlobals) = postSolution
		SolutionGuid = {80D61B10-72D6-403C-BB3F-DAE1801EC0CA}
	EndGlobalSection
EndGlobal
